
Microsoft Visual Studio Solution File, Format Version 12.00
# Visual Studio Version 16
VisualStudioVersion = 16.0.30907.101
MinimumVisualStudioVersion = 10.0.40219.1
Project("{FAE04EC0-301F-11D3-BF4B-00C04F79EFBC}") = "ArcherLai_PE23", "ArcherLai_PE23.csproj", "{4EE51CB3-B0E2-4665-B92B-30069C8D61AA}"
EndProject
Global
	GlobalSection(SolutionConfigurationPlatforms) = preSolution
		Debug|Any CPU = Debug|Any CPU
		Release|Any CPU = Release|Any CPU
	EndGlobalSection
	GlobalSection(ProjectConfigurationPlatforms) = postSolution
		{4EE51CB3-B0E2-4665-B92B-30069C8D61AA}.Debug|Any CPU.ActiveCfg = Debug|Any CPU
		{4EE51CB3-B0E2-4665-B92B-30069C8D61AA}.Debug|Any CPU.Build.0 = Debug|Any CPU
		{4EE51CB3-B0E2-4665-B92B-30069C8D61AA}.Release|Any CPU.ActiveCfg = Release|Any CPU
		{4EE51CB3-B0E2-4665-B92B-30069C8D61AA}.Release|Any CPU.Build.0 = Release|Any CPU
	EndGlobalSection
	GlobalSection(SolutionProperties) = preSolution
		HideSolutionNode = FALSE
	EndGlobalSection
	GlobalSection(ExtensibilityGlobals) = postSolution
		SolutionGuid = {00D29F77-6E72-481E-B5E8-FD1FFE75E50F}
	EndGlobalSection
EndGlobal
