
Microsoft Visual Studio Solution File, Format Version 12.00
# Visual Studio Version 16
VisualStudioVersion = 16.0.30907.101
MinimumVisualStudioVersion = 10.0.40219.1
Project("{FAE04EC0-301F-11D3-BF4B-00C04F79EFBC}") = "ArcherLai_UnitTestOneQ12", "ArcherLai_UnitTestOneQ12.csproj", "{2D13B748-0910-44D2-980E-3379ED1C53DB}"
EndProject
Global
	GlobalSection(SolutionConfigurationPlatforms) = preSolution
		Debug|Any CPU = Debug|Any CPU
		Release|Any CPU = Release|Any CPU
	EndGlobalSection
	GlobalSection(ProjectConfigurationPlatforms) = postSolution
		{2D13B748-0910-44D2-980E-3379ED1C53DB}.Debug|Any CPU.ActiveCfg = Debug|Any CPU
		{2D13B748-0910-44D2-980E-3379ED1C53DB}.Debug|Any CPU.Build.0 = Debug|Any CPU
		{2D13B748-0910-44D2-980E-3379ED1C53DB}.Release|Any CPU.ActiveCfg = Release|Any CPU
		{2D13B748-0910-44D2-980E-3379ED1C53DB}.Release|Any CPU.Build.0 = Release|Any CPU
	EndGlobalSection
	GlobalSection(SolutionProperties) = preSolution
		HideSolutionNode = FALSE
	EndGlobalSection
	GlobalSection(ExtensibilityGlobals) = postSolution
		SolutionGuid = {3C845695-9B4F-4604-A003-C7AD3A29D822}
	EndGlobalSection
EndGlobal
