
Microsoft Visual Studio Solution File, Format Version 12.00
# Visual Studio Version 16
VisualStudioVersion = 16.0.30907.101
MinimumVisualStudioVersion = 10.0.40219.1
Project("{FAE04EC0-301F-11D3-BF4B-00C04F79EFBC}") = "ArcherLai_PE9-2", "ArcherLai_PE9-2.csproj", "{D66FC42B-C318-4ACC-9B29-11DD91271D2E}"
EndProject
Global
	GlobalSection(SolutionConfigurationPlatforms) = preSolution
		Debug|Any CPU = Debug|Any CPU
		Release|Any CPU = Release|Any CPU
	EndGlobalSection
	GlobalSection(ProjectConfigurationPlatforms) = postSolution
		{D66FC42B-C318-4ACC-9B29-11DD91271D2E}.Debug|Any CPU.ActiveCfg = Debug|Any CPU
		{D66FC42B-C318-4ACC-9B29-11DD91271D2E}.Debug|Any CPU.Build.0 = Debug|Any CPU
		{D66FC42B-C318-4ACC-9B29-11DD91271D2E}.Release|Any CPU.ActiveCfg = Release|Any CPU
		{D66FC42B-C318-4ACC-9B29-11DD91271D2E}.Release|Any CPU.Build.0 = Release|Any CPU
	EndGlobalSection
	GlobalSection(SolutionProperties) = preSolution
		HideSolutionNode = FALSE
	EndGlobalSection
	GlobalSection(ExtensibilityGlobals) = postSolution
		SolutionGuid = {B1AFBF52-BFDB-4C1F-B889-0DD3A6852773}
	EndGlobalSection
EndGlobal
