
Microsoft Visual Studio Solution File, Format Version 12.00
# Visual Studio Version 16
VisualStudioVersion = 16.0.30907.101
MinimumVisualStudioVersion = 10.0.40219.1
Project("{FAE04EC0-301F-11D3-BF4B-00C04F79EFBC}") = "ArcherLai_Extracredit2", "ArcherLai_Extracredit2.csproj", "{BB23055E-3E06-415C-A5B5-22A4CFF71E41}"
EndProject
Global
	GlobalSection(SolutionConfigurationPlatforms) = preSolution
		Debug|Any CPU = Debug|Any CPU
		Release|Any CPU = Release|Any CPU
	EndGlobalSection
	GlobalSection(ProjectConfigurationPlatforms) = postSolution
		{BB23055E-3E06-415C-A5B5-22A4CFF71E41}.Debug|Any CPU.ActiveCfg = Debug|Any CPU
		{BB23055E-3E06-415C-A5B5-22A4CFF71E41}.Debug|Any CPU.Build.0 = Debug|Any CPU
		{BB23055E-3E06-415C-A5B5-22A4CFF71E41}.Release|Any CPU.ActiveCfg = Release|Any CPU
		{BB23055E-3E06-415C-A5B5-22A4CFF71E41}.Release|Any CPU.Build.0 = Release|Any CPU
	EndGlobalSection
	GlobalSection(SolutionProperties) = preSolution
		HideSolutionNode = FALSE
	EndGlobalSection
	GlobalSection(ExtensibilityGlobals) = postSolution
		SolutionGuid = {02631639-A440-4E28-85D1-0B01B2A6A5E5}
	EndGlobalSection
EndGlobal
