
Microsoft Visual Studio Solution File, Format Version 12.00
# Visual Studio Version 16
VisualStudioVersion = 16.0.30907.101
MinimumVisualStudioVersion = 10.0.40219.1
Project("{FAE04EC0-301F-11D3-BF4B-00C04F79EFBC}") = "UnitTest2Q4", "UnitTest2Q4.csproj", "{F2CC987B-5A12-4150-A9D7-16B0FE8757FC}"
EndProject
Global
	GlobalSection(SolutionConfigurationPlatforms) = preSolution
		Debug|Any CPU = Debug|Any CPU
		Release|Any CPU = Release|Any CPU
	EndGlobalSection
	GlobalSection(ProjectConfigurationPlatforms) = postSolution
		{F2CC987B-5A12-4150-A9D7-16B0FE8757FC}.Debug|Any CPU.ActiveCfg = Debug|Any CPU
		{F2CC987B-5A12-4150-A9D7-16B0FE8757FC}.Debug|Any CPU.Build.0 = Debug|Any CPU
		{F2CC987B-5A12-4150-A9D7-16B0FE8757FC}.Release|Any CPU.ActiveCfg = Release|Any CPU
		{F2CC987B-5A12-4150-A9D7-16B0FE8757FC}.Release|Any CPU.Build.0 = Release|Any CPU
	EndGlobalSection
	GlobalSection(SolutionProperties) = preSolution
		HideSolutionNode = FALSE
	EndGlobalSection
	GlobalSection(ExtensibilityGlobals) = postSolution
		SolutionGuid = {155CFC15-8011-41D2-BC32-12B2B8CB0841}
	EndGlobalSection
EndGlobal
