
Microsoft Visual Studio Solution File, Format Version 12.00
# Visual Studio Version 16
VisualStudioVersion = 16.0.30907.101
MinimumVisualStudioVersion = 10.0.40219.1
Project("{FAE04EC0-301F-11D3-BF4B-00C04F79EFBC}") = "ArcherLai_PE14", "ArcherLai_PE14.csproj", "{B1169A4F-6C27-4044-A27E-C2CDAED48A03}"
EndProject
Global
	GlobalSection(SolutionConfigurationPlatforms) = preSolution
		Debug|Any CPU = Debug|Any CPU
		Release|Any CPU = Release|Any CPU
	EndGlobalSection
	GlobalSection(ProjectConfigurationPlatforms) = postSolution
		{B1169A4F-6C27-4044-A27E-C2CDAED48A03}.Debug|Any CPU.ActiveCfg = Debug|Any CPU
		{B1169A4F-6C27-4044-A27E-C2CDAED48A03}.Debug|Any CPU.Build.0 = Debug|Any CPU
		{B1169A4F-6C27-4044-A27E-C2CDAED48A03}.Release|Any CPU.ActiveCfg = Release|Any CPU
		{B1169A4F-6C27-4044-A27E-C2CDAED48A03}.Release|Any CPU.Build.0 = Release|Any CPU
	EndGlobalSection
	GlobalSection(SolutionProperties) = preSolution
		HideSolutionNode = FALSE
	EndGlobalSection
	GlobalSection(ExtensibilityGlobals) = postSolution
		SolutionGuid = {1C06E4E9-8DE0-43C1-8380-AE7A89BAD1D7}
	EndGlobalSection
EndGlobal
