
Microsoft Visual Studio Solution File, Format Version 12.00
# Visual Studio Version 16
VisualStudioVersion = 16.0.30907.101
MinimumVisualStudioVersion = 10.0.40219.1
Project("{FAE04EC0-301F-11D3-BF4B-00C04F79EFBC}") = "ArcherLai_PE26", "ArcherLai_PE26.csproj", "{76555055-C984-4004-B205-0DDE38592BFD}"
EndProject
Global
	GlobalSection(SolutionConfigurationPlatforms) = preSolution
		Debug|Any CPU = Debug|Any CPU
		Release|Any CPU = Release|Any CPU
	EndGlobalSection
	GlobalSection(ProjectConfigurationPlatforms) = postSolution
		{76555055-C984-4004-B205-0DDE38592BFD}.Debug|Any CPU.ActiveCfg = Debug|Any CPU
		{76555055-C984-4004-B205-0DDE38592BFD}.Debug|Any CPU.Build.0 = Debug|Any CPU
		{76555055-C984-4004-B205-0DDE38592BFD}.Release|Any CPU.ActiveCfg = Release|Any CPU
		{76555055-C984-4004-B205-0DDE38592BFD}.Release|Any CPU.Build.0 = Release|Any CPU
	EndGlobalSection
	GlobalSection(SolutionProperties) = preSolution
		HideSolutionNode = FALSE
	EndGlobalSection
	GlobalSection(ExtensibilityGlobals) = postSolution
		SolutionGuid = {7FDAA450-DEA0-455C-99EE-B66CAE5417C2}
	EndGlobalSection
EndGlobal
